
Microsoft Visual Studio Solution File, Format Version 12.00
# Visual Studio 2017
Project("{FAE04EC0-301F-11D3-BF4B-00C04F79EFBC}") = "Ejemplo1", "Ejemplo1.csproj", "{6E6191C0-170E-0658-0A9F-54AAAE766A6A}"
EndProject
Global
	GlobalSection(SolutionConfigurationPlatforms) = preSolution
		Debug|Any CPU = Debug|Any CPU
		Release|Any CPU = Release|Any CPU
	EndGlobalSection
	GlobalSection(ProjectConfigurationPlatforms) = postSolution
		{6E6191C0-170E-0658-0A9F-54AAAE766A6A}.Debug|Any CPU.ActiveCfg = Debug|Any CPU
		{6E6191C0-170E-0658-0A9F-54AAAE766A6A}.Debug|Any CPU.Build.0 = Debug|Any CPU
		{6E6191C0-170E-0658-0A9F-54AAAE766A6A}.Release|Any CPU.ActiveCfg = Release|Any CPU
		{6E6191C0-170E-0658-0A9F-54AAAE766A6A}.Release|Any CPU.Build.0 = Release|Any CPU
	EndGlobalSection
	GlobalSection(SolutionProperties) = preSolution
		HideSolutionNode = FALSE
	EndGlobalSection
EndGlobal
